
Microsoft Visual Studio Solution File, Format Version 12.00
# Visual Studio Version 17
VisualStudioVersion = 17.4.33205.214
MinimumVisualStudioVersion = 10.0.40219.1
Project("{FAE04EC0-301F-11D3-BF4B-00C04F79EFBC}") = "Security-Design-Net-Prj", "Security-Design-Net-Prj\Security-Design-Net-Prj.csproj", "{14EDE7EE-9A8B-4318-9772-C2BC911FD4AC}"
EndProject
Global
	GlobalSection(SolutionConfigurationPlatforms) = preSolution
		Debug|Any CPU = Debug|Any CPU
		Release|Any CPU = Release|Any CPU
	EndGlobalSection
	GlobalSection(ProjectConfigurationPlatforms) = postSolution
		{14EDE7EE-9A8B-4318-9772-C2BC911FD4AC}.Debug|Any CPU.ActiveCfg = Debug|Any CPU
		{14EDE7EE-9A8B-4318-9772-C2BC911FD4AC}.Debug|Any CPU.Build.0 = Debug|Any CPU
		{14EDE7EE-9A8B-4318-9772-C2BC911FD4AC}.Release|Any CPU.ActiveCfg = Release|Any CPU
		{14EDE7EE-9A8B-4318-9772-C2BC911FD4AC}.Release|Any CPU.Build.0 = Release|Any CPU
	EndGlobalSection
	GlobalSection(SolutionProperties) = preSolution
		HideSolutionNode = FALSE
	EndGlobalSection
	GlobalSection(ExtensibilityGlobals) = postSolution
		SolutionGuid = {F0C95126-8CAC-40B1-9D57-699CA0434F3B}
	EndGlobalSection
EndGlobal
